
Microsoft Visual Studio Solution File, Format Version 12.00
# Visual Studio Version 17
VisualStudioVersion = 17.0.31912.275
MinimumVisualStudioVersion = 10.0.40219.1
Project("{FAE04EC0-301F-11D3-BF4B-00C04F79EFBC}") = "ThalesEmployees.Host", "ThalesEmployees.Host\ThalesEmployees.Host.csproj", "{A2F48CF5-FC49-43DB-801E-17683560929C}"
EndProject
Project("{FAE04EC0-301F-11D3-BF4B-00C04F79EFBC}") = "ThalesEmployees.Infrastructure", "ThalesEmployees.Infrastructure\ThalesEmployees.Infrastructure.csproj", "{9D67C5E7-33E3-4911-B53E-932C2BEFD8EF}"
EndProject
Project("{2150E333-8FDC-42A3-9474-1A3956D46DE8}") = "Core", "Core", "{8DD465FE-2C89-43A6-949C-A52D286058C4}"
EndProject
Project("{FAE04EC0-301F-11D3-BF4B-00C04F79EFBC}") = "ThalesEmployees.Core.Domain", "ThalesEmployees.Core.Domain\ThalesEmployees.Core.Domain.csproj", "{D741B5E7-ADB3-4153-B5D8-0B13B4C0C71C}"
EndProject
Project("{FAE04EC0-301F-11D3-BF4B-00C04F79EFBC}") = "ThalesEmployees.Core.Application", "ThalesEmployees.Core.Application\ThalesEmployees.Core.Application.csproj", "{A8028BCB-64C4-445C-9139-C5E23E7FB16F}"
EndProject
Global
	GlobalSection(SolutionConfigurationPlatforms) = preSolution
		Debug|Any CPU = Debug|Any CPU
		Release|Any CPU = Release|Any CPU
	EndGlobalSection
	GlobalSection(ProjectConfigurationPlatforms) = postSolution
		{A2F48CF5-FC49-43DB-801E-17683560929C}.Debug|Any CPU.ActiveCfg = Debug|Any CPU
		{A2F48CF5-FC49-43DB-801E-17683560929C}.Debug|Any CPU.Build.0 = Debug|Any CPU
		{A2F48CF5-FC49-43DB-801E-17683560929C}.Release|Any CPU.ActiveCfg = Release|Any CPU
		{A2F48CF5-FC49-43DB-801E-17683560929C}.Release|Any CPU.Build.0 = Release|Any CPU
		{9D67C5E7-33E3-4911-B53E-932C2BEFD8EF}.Debug|Any CPU.ActiveCfg = Debug|Any CPU
		{9D67C5E7-33E3-4911-B53E-932C2BEFD8EF}.Debug|Any CPU.Build.0 = Debug|Any CPU
		{9D67C5E7-33E3-4911-B53E-932C2BEFD8EF}.Release|Any CPU.ActiveCfg = Release|Any CPU
		{9D67C5E7-33E3-4911-B53E-932C2BEFD8EF}.Release|Any CPU.Build.0 = Release|Any CPU
		{D741B5E7-ADB3-4153-B5D8-0B13B4C0C71C}.Debug|Any CPU.ActiveCfg = Debug|Any CPU
		{D741B5E7-ADB3-4153-B5D8-0B13B4C0C71C}.Debug|Any CPU.Build.0 = Debug|Any CPU
		{D741B5E7-ADB3-4153-B5D8-0B13B4C0C71C}.Release|Any CPU.ActiveCfg = Release|Any CPU
		{D741B5E7-ADB3-4153-B5D8-0B13B4C0C71C}.Release|Any CPU.Build.0 = Release|Any CPU
		{A8028BCB-64C4-445C-9139-C5E23E7FB16F}.Debug|Any CPU.ActiveCfg = Debug|Any CPU
		{A8028BCB-64C4-445C-9139-C5E23E7FB16F}.Debug|Any CPU.Build.0 = Debug|Any CPU
		{A8028BCB-64C4-445C-9139-C5E23E7FB16F}.Release|Any CPU.ActiveCfg = Release|Any CPU
		{A8028BCB-64C4-445C-9139-C5E23E7FB16F}.Release|Any CPU.Build.0 = Release|Any CPU
	EndGlobalSection
	GlobalSection(SolutionProperties) = preSolution
		HideSolutionNode = FALSE
	EndGlobalSection
	GlobalSection(NestedProjects) = preSolution
		{D741B5E7-ADB3-4153-B5D8-0B13B4C0C71C} = {8DD465FE-2C89-43A6-949C-A52D286058C4}
		{A8028BCB-64C4-445C-9139-C5E23E7FB16F} = {8DD465FE-2C89-43A6-949C-A52D286058C4}
	EndGlobalSection
	GlobalSection(ExtensibilityGlobals) = postSolution
		SolutionGuid = {552954F7-DD6D-47FB-8BB5-3A945B826B5A}
	EndGlobalSection
EndGlobal
